# THIS IS AN AUTOGENERATED FILE. DO NOT EDIT THIS FILE DIRECTLY.
# yarn lockfile v1


"@discordjs/builders@^0.11.0":
  version "0.11.0"
  resolved "https://registry.yarnpkg.com/@discordjs/builders/-/builders-0.11.0.tgz#4102abe3e0cd093501f3f71931df43eb92f5b0cc"
  integrity sha512-ZTB8yJdJKrKlq44dpWkNUrAtEJEq0gqpb7ASdv4vmq6/mZal5kOv312hQ56I/vxwMre+VIkoHquNUAfnTbiYtg==
  dependencies:
    "@sindresorhus/is" "^4.2.0"
    discord-api-types "^0.26.0"
    ts-mixer "^6.0.0"
    tslib "^2.3.1"
    zod "^3.11.6"

"@discordjs/collection@^0.4.0":
  version "0.4.0"
  resolved "https://registry.yarnpkg.com/@discordjs/collection/-/collection-0.4.0.tgz#b6488286a1cc7b41b644d7e6086f25a1c1e6f837"
  integrity sha512-zmjq+l/rV35kE6zRrwe8BHqV78JvIh2ybJeZavBi5NySjWXqN3hmmAKg7kYMMXSeiWtSsMoZ/+MQi0DiQWy2lw==

"@discordjs/collection@^0.5.0":
  version "0.5.0"
  resolved "https://registry.yarnpkg.com/@discordjs/collection/-/collection-0.5.0.tgz#e1717661600891c9ca0735e76ec5bb64fe880f9c"
  integrity sha512-3Vr3y4/Kl6ThOsD/cbXkK4JmjawQahbM3ojHpD6XyTEOG4fwZFMYH/NTWKFd5WZUw38iQsvGC4Kt4VkL++1hFQ==

"@sapphire/async-queue@^1.1.9":
  version "1.3.0"
  resolved "https://registry.yarnpkg.com/@sapphire/async-queue/-/async-queue-1.3.0.tgz#98b1b364a5fe820366a786827f2e987590de5964"
  integrity sha512-z+CDw5X4UgIEpZL8KM+ThVx1i8V60HBg0l/oFewTNbQQeRDJHdVxHyJykv+SF1H+Rc8EkMS81VTWo95jVYgO/g==

"@sapphire/discord-utilities@^2.10.2", "@sapphire/discord-utilities@^2.7.0", "@sapphire/discord-utilities@^2.8.0":
  version "2.10.2"
  resolved "https://registry.yarnpkg.com/@sapphire/discord-utilities/-/discord-utilities-2.10.2.tgz#c0d28ad1fb2599782f2f8fab4b2cb09abd8678e5"
  integrity sha512-GTKxtgOMoboY4BVAd/hIDtVL+D9cVvzU3NcTRvKy0Q6L7TAkknkaRowoxUBiOG/k1guK9SbgWPYX4VNwjQ/uvQ==
  dependencies:
    twemoji-parser "^14.0.0"

"@sapphire/discord.js-utilities@^4.6.0", "@sapphire/discord.js-utilities@^4.9.0":
  version "4.9.3"
  resolved "https://registry.yarnpkg.com/@sapphire/discord.js-utilities/-/discord.js-utilities-4.9.3.tgz#a12812a4bded097421a4900aa10c7f5c5476eafb"
  integrity sha512-r7zopEzgYxO0SgK8j0P5+ylf1UulyRAZbtQ1GP6y0LtWP7NF3cUP0wfnCgO28jBkGOZyhkIkAW9jyWu2+rJ3pg==
  dependencies:
    "@sapphire/discord-utilities" "^2.10.2"
    "@sapphire/time-utilities" "^1.7.3"
    "@sapphire/utilities" "^3.6.1"
    tslib "^2.3.1"

"@sapphire/framework@^3.0.0-next.7ef7ac9.0":
  version "3.0.0-next.fd7be0b.0"
  resolved "https://registry.yarnpkg.com/@sapphire/framework/-/framework-3.0.0-next.fd7be0b.0.tgz#b58862ca36540ad9b6874e82c124035b7db27b1e"
  integrity sha512-8L7m5hO1h/cgawNXzZFmNqcaye0WrgDw+vz/WcVcf/G+BSl3wN/YkGnaSDsKLvp62i9vHzZwEFNW9VFQwPDS6A==
  dependencies:
    "@sapphire/discord-utilities" "^2.7.0"
    "@sapphire/discord.js-utilities" "^4.6.0"
    "@sapphire/pieces" "^3.2.0"
    "@sapphire/ratelimits" "^2.3.0"
    "@sapphire/stopwatch" "^1.3.0"
    "@sapphire/utilities" "^3.3.0"
    lexure "^0.17.0"
    tslib "^2.3.1"

"@sapphire/pieces@^3.2.0", "@sapphire/pieces@^3.3.0":
  version "3.3.0"
  resolved "https://registry.yarnpkg.com/@sapphire/pieces/-/pieces-3.3.0.tgz#d5361d143bc3b02cd4d5a14683df790ddda1e8b3"
  integrity sha512-T3r6iN9BQLG9wyGvUzfQp4rXsiZ1AGN0+MXlsWER0kC6XxtDxFSCJWG613JFTS0f4xWqfYRaZr7wW/ggyc71UQ==
  dependencies:
    "@discordjs/collection" "^0.5.0"
    "@sapphire/utilities" "^3.4.0"
    tslib "^2.3.1"

"@sapphire/plugin-logger@^2.2.0":
  version "2.2.0"
  resolved "https://registry.yarnpkg.com/@sapphire/plugin-logger/-/plugin-logger-2.2.0.tgz#c06a87dc1d5f99611a63b2972e56a96a21f3ab2e"
  integrity sha512-r72gFCZnr1AQ71/VXx3DZXSMsPOihAUMWVG+i3klP1KAYKhlNL6veayerTCPxuq6QOL+uFx+yAL09TkifQj4zw==
  dependencies:
    "@sapphire/time-utilities" "^1.6.0"
    colorette "^2.0.16"
    tslib "^2.3.1"

"@sapphire/plugin-subcommands@^2.2.0":
  version "2.2.0"
  resolved "https://registry.yarnpkg.com/@sapphire/plugin-subcommands/-/plugin-subcommands-2.2.0.tgz#2973fa8f93c44e34968ad97f60cdd81b4cd57ae9"
  integrity sha512-+qNrgtASNlQRMC2sbIvvbK7hblcfvWW9zqFwdlkekJVfSpssD9XTOR7bvN9hNCdYAF2ykrVn+BaMTd38k58geA==
  dependencies:
    tslib "^2.3.1"

"@sapphire/ratelimits@^2.3.0":
  version "2.4.3"
  resolved "https://registry.yarnpkg.com/@sapphire/ratelimits/-/ratelimits-2.4.3.tgz#607525b48c3f24f5e295e45bd75264babad8bcee"
  integrity sha512-XOB0aOpoJFTV20YRWYQN9c423xGu41OPSpOMJL6Kxc/0HGwbXnmyHDSk+RuI1g+Qu5oTf7EWvzowqkzdvp2Ltg==
  dependencies:
    "@sapphire/time-utilities" "^1.7.3"

"@sapphire/stopwatch@^1.3.0":
  version "1.4.0"
  resolved "https://registry.yarnpkg.com/@sapphire/stopwatch/-/stopwatch-1.4.0.tgz#76bd616a5ab8618c3932a016586143b7774286c7"
  integrity sha512-4gtDuls69vTLseQ3TCZnrWj2boLz7imok0W7wg0+VtF+VGTK3glRn34YEEt0Hj92Ebqmst87EPEJyZ1U5nNs9w==
  dependencies:
    tslib "^2.3.1"

"@sapphire/time-utilities@^1.6.0", "@sapphire/time-utilities@^1.7.3":
  version "1.7.3"
  resolved "https://registry.yarnpkg.com/@sapphire/time-utilities/-/time-utilities-1.7.3.tgz#3ae91ed7548429412ed9a4cbdecbf94b98e6288d"
  integrity sha512-D3YQ6tqeq7l7cdz1jhFTwHmpFPJ1+yCHS6wyWPy82+uJ0fILob8JfRWSYtLI1YGsQnaDdvCbARbLAWEobg2vMA==
  dependencies:
    "@sapphire/utilities" "^3.6.1"

"@sapphire/utilities@^3.3.0", "@sapphire/utilities@^3.4.0", "@sapphire/utilities@^3.6.1":
  version "3.6.1"
  resolved "https://registry.yarnpkg.com/@sapphire/utilities/-/utilities-3.6.1.tgz#dff636c3f767b1cbab7c1ca7d18d021dd1742355"
  integrity sha512-pV5q7Qj0TS5hspfP+TFHyLll4icz5dI4qWCHek6p/rA5ApeZ2yTzzlC1oJKCfpmj0+e9mWWoV8mxsWiNAf1Tkg==

"@sentry/core@6.19.1":
  version "6.19.1"
  resolved "https://registry.yarnpkg.com/@sentry/core/-/core-6.19.1.tgz#9672d0d19d4fe438be6e186b2b10a79826f19a03"
  integrity sha512-ZSIFnwYCzABK1jX1iMwUbaAoWbbJear0wM+gSZvJpSUJ1dAXV1OZyL7kXtEJRtATahIlcrMou5ewIoeJizeWAw==
  dependencies:
    "@sentry/hub" "6.19.1"
    "@sentry/minimal" "6.19.1"
    "@sentry/types" "6.19.1"
    "@sentry/utils" "6.19.1"
    tslib "^1.9.3"

"@sentry/hub@6.19.1":
  version "6.19.1"
  resolved "https://registry.yarnpkg.com/@sentry/hub/-/hub-6.19.1.tgz#bff9ed5885b6e0eb4280774b653fa05edec6ed07"
  integrity sha512-BgUwdxxXntGohAYrXtYrYBA6QzOeRz3NINuS838n7SRTkGf9gBJ/Rd3dyOWUrzJciKty7rmvYIwTA0oo91AMkw==
  dependencies:
    "@sentry/types" "6.19.1"
    "@sentry/utils" "6.19.1"
    tslib "^1.9.3"

"@sentry/minimal@6.19.1":
  version "6.19.1"
  resolved "https://registry.yarnpkg.com/@sentry/minimal/-/minimal-6.19.1.tgz#d6fc92bd683ae7db207ad9666084307311881dcb"
  integrity sha512-Xre3J6mjWEcQhDmQ3j4g71J8f0nDgg2p7K41SngibfZVYSOe8jAowxSI9JuWD7juuwT5GVRVCqLs+Y6mWDBaoQ==
  dependencies:
    "@sentry/hub" "6.19.1"
    "@sentry/types" "6.19.1"
    tslib "^1.9.3"

"@sentry/node@^6.18.2":
  version "6.19.1"
  resolved "https://registry.yarnpkg.com/@sentry/node/-/node-6.19.1.tgz#807f9011dbac37370b49759c6d803c6026b4adfb"
  integrity sha512-ipPWFY+1gNZlt99QHInP+Z70W7nYeBEEiVDtpxSMid5zFzPJ/k9QOZtUzyelyiSCBvIIeTzVX9Fyri17fay1Pw==
  dependencies:
    "@sentry/core" "6.19.1"
    "@sentry/hub" "6.19.1"
    "@sentry/types" "6.19.1"
    "@sentry/utils" "6.19.1"
    cookie "^0.4.1"
    https-proxy-agent "^5.0.0"
    lru_map "^0.3.3"
    tslib "^1.9.3"

"@sentry/tracing@^6.18.2":
  version "6.19.1"
  resolved "https://registry.yarnpkg.com/@sentry/tracing/-/tracing-6.19.1.tgz#2fc710c57bc157748539cdec3bbd5dcd41f7f2a0"
  integrity sha512-o34+h0j70dszcIwpCIbmO4UauPurpqLvcPO3JsFhRdxQhwQaQgMwhFklbAt7al9oEDYkjlS0gzhhlOCz4IS9kA==
  dependencies:
    "@sentry/hub" "6.19.1"
    "@sentry/minimal" "6.19.1"
    "@sentry/types" "6.19.1"
    "@sentry/utils" "6.19.1"
    tslib "^1.9.3"

"@sentry/types@6.19.1":
  version "6.19.1"
  resolved "https://registry.yarnpkg.com/@sentry/types/-/types-6.19.1.tgz#684a231f8fe10c9cf14f9552f5da0a4492e6fdbc"
  integrity sha512-ovmNYdqD2MKLmru4calxetX1xjJdYim+HEI/GzwvVUYshsaXRq4EiQ17h3DAy90MV7JH279PmMoPGDTOpufq+Q==

"@sentry/utils@6.19.1":
  version "6.19.1"
  resolved "https://registry.yarnpkg.com/@sentry/utils/-/utils-6.19.1.tgz#9d5f50a0ceb60b63631de88b4abed07253568209"
  integrity sha512-mWcQbQ1yO7PooLpJpQK84+wOfxGeb8iUKRb8inO+2Eg6VksDbXRuJ89Yd4APBTRxBj5Wihy48bPuVfKtovtm8g==
  dependencies:
    "@sentry/types" "6.19.1"
    tslib "^1.9.3"

"@sindresorhus/is@^4.2.0":
  version "4.6.0"
  resolved "https://registry.yarnpkg.com/@sindresorhus/is/-/is-4.6.0.tgz#3c7c9c46e678feefe7a2e5bb609d3dbd665ffb3f"
  integrity sha512-t09vSN3MdfsyCHoFcTRCH/iUtG7OJ0CsjzB8cjAmKc/va/kIgeDI/TxsigdncE/4be734m0cvIYwNaV4i2XqAw==

"@types/node-fetch@^2.5.12":
  version "2.6.1"
  resolved "https://registry.yarnpkg.com/@types/node-fetch/-/node-fetch-2.6.1.tgz#8f127c50481db65886800ef496f20bbf15518975"
  integrity sha512-oMqjURCaxoSIsHSr1E47QHzbmzNR5rK8McHuNb11BOM9cHcIK3Avy0s/b2JlXHoQGTYS3NsvWzV1M0iK7l0wbA==
  dependencies:
    "@types/node" "*"
    form-data "^3.0.0"

"@types/node@*":
  version "17.0.22"
  resolved "https://registry.yarnpkg.com/@types/node/-/node-17.0.22.tgz#38b6c4b9b2f3ed9f2e376cce42a298fb2375251e"
  integrity sha512-8FwbVoG4fy+ykY86XCAclKZDORttqE5/s7dyWZKLXTdv3vRy5HozBEinG5IqhvPXXzIZEcTVbuHlQEI6iuwcmw==

"@types/ws@^8.2.2":
  version "8.5.3"
  resolved "https://registry.yarnpkg.com/@types/ws/-/ws-8.5.3.tgz#7d25a1ffbecd3c4f2d35068d0b283c037003274d"
  integrity sha512-6YOoWjruKj1uLf3INHH7D3qTXwFfEsg1kf3c0uDdSBJwfa/llkwIjrAGV7j7mVgGNbzTQ3HiHKKDXl6bJPD97w==
  dependencies:
    "@types/node" "*"

agent-base@6:
  version "6.0.2"
  resolved "https://registry.yarnpkg.com/agent-base/-/agent-base-6.0.2.tgz#49fff58577cfee3f37176feab4c22e00f86d7f77"
  integrity sha512-RZNwNclF7+MS/8bDg70amg32dyeZGZxiDuQmZxKLAlQjr3jGyLx+4Kkk58UO7D2QdgFIQCovuSuZESne6RG6XQ==
  dependencies:
    debug "4"

asynckit@^0.4.0:
  version "0.4.0"
  resolved "https://registry.yarnpkg.com/asynckit/-/asynckit-0.4.0.tgz#c79ed97f7f34cb8f2ba1bc9790bcc366474b4b79"
  integrity sha1-x57Zf380y48robyXkLzDZkdLS3k=

colorette@^2.0.16:
  version "2.0.16"
  resolved "https://registry.yarnpkg.com/colorette/-/colorette-2.0.16.tgz#713b9af84fdb000139f04546bd4a93f62a5085da"
  integrity sha512-hUewv7oMjCp+wkBv5Rm0v87eJhq4woh5rSR+42YSQJKecCqgIqNkZ6lAlQms/BwHPJA5NKMRlpxPRv0n8HQW6g==

combined-stream@^1.0.8:
  version "1.0.8"
  resolved "https://registry.yarnpkg.com/combined-stream/-/combined-stream-1.0.8.tgz#c3d45a8b34fd730631a110a8a2520682b31d5a7f"
  integrity sha512-FQN4MRfuJeHf7cBbBMJFXhKSDq+2kAArBlmRBvcvFE5BB1HZKXtSFASDhdlz9zOYwxh8lDdnvmMOe/+5cdoEdg==
  dependencies:
    delayed-stream "~1.0.0"

cookie@^0.4.1:
  version "0.4.2"
  resolved "https://registry.yarnpkg.com/cookie/-/cookie-0.4.2.tgz#0e41f24de5ecf317947c82fc789e06a884824432"
  integrity sha512-aSWTXFzaKWkvHO1Ny/s+ePFpvKsPnjc551iI41v3ny/ow6tBG5Vd+FuqGNhh1LxOmVzOlGUriIlOaokOvhaStA==

debug@4:
  version "4.3.4"
  resolved "https://registry.yarnpkg.com/debug/-/debug-4.3.4.tgz#1319f6579357f2338d3337d2cdd4914bb5dcc865"
  integrity sha512-PRWFHuSU3eDtQJPvnNY7Jcket1j0t5OuOsFzPPzsekD52Zl8qUfFIPEiswXqIvHWGVHOgX+7G/vCNNhehwxfkQ==
  dependencies:
    ms "2.1.2"

delayed-stream@~1.0.0:
  version "1.0.0"
  resolved "https://registry.yarnpkg.com/delayed-stream/-/delayed-stream-1.0.0.tgz#df3ae199acadfb7d440aaae0b29e2272b24ec619"
  integrity sha1-3zrhmayt+31ECqrgsp4icrJOxhk=

discord-api-types@^0.26.0:
  version "0.26.1"
  resolved "https://registry.yarnpkg.com/discord-api-types/-/discord-api-types-0.26.1.tgz#726f766ddc37d60da95740991d22cb6ef2ed787b"
  integrity sha512-T5PdMQ+Y1MEECYMV5wmyi9VEYPagEDEi4S0amgsszpWY0VB9JJ/hEvM6BgLhbdnKky4gfmZEXtEEtojN8ZKJQQ==

discord.js@^13.6.0:
  version "13.6.0"
  resolved "https://registry.yarnpkg.com/discord.js/-/discord.js-13.6.0.tgz#d8a8a591dbf25cbcf9c783d5ddf22c4694860475"
  integrity sha512-tXNR8zgsEPxPBvGk3AQjJ9ljIIC6/LOPjzKwpwz8Y1Q2X66Vi3ZqFgRHYwnHKC0jC0F+l4LzxlhmOJsBZDNg9g==
  dependencies:
    "@discordjs/builders" "^0.11.0"
    "@discordjs/collection" "^0.4.0"
    "@sapphire/async-queue" "^1.1.9"
    "@types/node-fetch" "^2.5.12"
    "@types/ws" "^8.2.2"
    discord-api-types "^0.26.0"
    form-data "^4.0.0"
    node-fetch "^2.6.1"
    ws "^8.4.0"

dotenv@^16.0.0:
  version "16.0.0"
  resolved "https://registry.yarnpkg.com/dotenv/-/dotenv-16.0.0.tgz#c619001253be89ebb638d027b609c75c26e47411"
  integrity sha512-qD9WU0MPM4SWLPJy/r2Be+2WgQj8plChsyrCNQzW/0WjvcJQiKQJ9mH3ZgB3fxbUUxgc/11ZJ0Fi5KiimWGz2Q==

form-data@^3.0.0:
  version "3.0.1"
  resolved "https://registry.yarnpkg.com/form-data/-/form-data-3.0.1.tgz#ebd53791b78356a99af9a300d4282c4d5eb9755f"
  integrity sha512-RHkBKtLWUVwd7SqRIvCZMEvAMoGUp0XU+seQiZejj0COz3RI3hWP4sCv3gZWWLjJTd7rGwcsF5eKZGii0r/hbg==
  dependencies:
    asynckit "^0.4.0"
    combined-stream "^1.0.8"
    mime-types "^2.1.12"

form-data@^4.0.0:
  version "4.0.0"
  resolved "https://registry.yarnpkg.com/form-data/-/form-data-4.0.0.tgz#93919daeaf361ee529584b9b31664dc12c9fa452"
  integrity sha512-ETEklSGi5t0QMZuiXoA/Q6vcnxcLQP5vdugSpuAyi6SVGi2clPPp+xgEhuMaHC+zGgn31Kd235W35f7Hykkaww==
  dependencies:
    asynckit "^0.4.0"
    combined-stream "^1.0.8"
    mime-types "^2.1.12"

https-proxy-agent@^5.0.0:
  version "5.0.0"
  resolved "https://registry.yarnpkg.com/https-proxy-agent/-/https-proxy-agent-5.0.0.tgz#e2a90542abb68a762e0a0850f6c9edadfd8506b2"
  integrity sha512-EkYm5BcKUGiduxzSt3Eppko+PiNWNEpa4ySk9vTC6wDsQJW9rHSa+UhGNJoRYp7bz6Ht1eaRIa6QaJqO5rCFbA==
  dependencies:
    agent-base "6"
    debug "4"

inherits@^2.0.3:
  version "2.0.4"
  resolved "https://registry.yarnpkg.com/inherits/-/inherits-2.0.4.tgz#0fa2c64f932917c3433a0ded55363aae37416b7c"
  integrity sha512-k/vGaX4/Yla3WzyMCvTQOXYeIHvqOKtnqBduzTHpzpQZzAskKMhZ2K+EnBiSM9zGSoIFeMpXKxa4dYeZIQqewQ==

lexure@^0.17.0:
  version "0.17.0"
  resolved "https://registry.yarnpkg.com/lexure/-/lexure-0.17.0.tgz#95c26ee49dc3df5f28e2826b1647eb7569aab12a"
  integrity sha512-0L8GqFgPW36sLNqxdp2VOOef5Ajpb98kc0Zk4AzE+Yf0xYTDndcT1vpFqwkTdrCCw+FV8DH4mC9NUw0RlARThA==

lru_map@^0.3.3:
  version "0.3.3"
  resolved "https://registry.yarnpkg.com/lru_map/-/lru_map-0.3.3.tgz#b5c8351b9464cbd750335a79650a0ec0e56118dd"
  integrity sha1-tcg1G5Rky9dQM1p5ZQoOwOVhGN0=

mime-db@1.52.0:
  version "1.52.0"
  resolved "https://registry.yarnpkg.com/mime-db/-/mime-db-1.52.0.tgz#bbabcdc02859f4987301c856e3387ce5ec43bf70"
  integrity sha512-sPU4uV7dYlvtWJxwwxHD0PuihVNiE7TyAbQ5SWxDCB9mUYvOgroQOwYQQOKPJ8CIbE+1ETVlOoK1UC2nU3gYvg==

mime-types@^2.1.12:
  version "2.1.35"
  resolved "https://registry.yarnpkg.com/mime-types/-/mime-types-2.1.35.tgz#381a871b62a734450660ae3deee44813f70d959a"
  integrity sha512-ZDY+bPm5zTTF+YpCrAU9nK0UgICYPT0QtT1NZWFv4s++TNkcgVaT0g6+4R2uI4MjQjzysHB1zxuWL50hzaeXiw==
  dependencies:
    mime-db "1.52.0"

ms@2.1.2:
  version "2.1.2"
  resolved "https://registry.yarnpkg.com/ms/-/ms-2.1.2.tgz#d09d1f357b443f493382a8eb3ccd183872ae6009"
  integrity sha512-sGkPx+VjMtmA6MX27oA4FBFELFCZZ4S4XqeGOXCv68tT+jb3vk/RyaKWP0PTKyWtmLSM0b+adUTEvbs1PEaH2w==

node-fetch@^2.6.1:
  version "2.6.7"
  resolved "https://registry.yarnpkg.com/node-fetch/-/node-fetch-2.6.7.tgz#24de9fba827e3b4ae44dc8b20256a379160052ad"
  integrity sha512-ZjMPFEfVx5j+y2yF35Kzx5sF7kDzxuDj6ziH4FFbOp87zKDZNx8yExJIb05OGF4Nlt9IHFIMBkRl41VdvcNdbQ==
  dependencies:
    whatwg-url "^5.0.0"

node-imap@^0.9.6:
  version "0.9.6"
  resolved "https://registry.yarnpkg.com/node-imap/-/node-imap-0.9.6.tgz#b98d87f4a99dbf5184e567cd6b0f3094014f64eb"
  integrity sha512-pYQ2AtjQwrSvILq8EYInv3E3svrJwrTOxzW7uBGpP//AkCs/pMdO+O6KEgUlSchh/0/N0MSWs5io3xZhxJ9yLg==
  dependencies:
    readable-stream "^3.6.0"
    utf7 "^1.0.2"

petitio@^1.4.0:
  version "1.4.0"
  resolved "https://registry.yarnpkg.com/petitio/-/petitio-1.4.0.tgz#1887cba89b95de2c61ef774a2f1baf68845ba022"
  integrity sha512-9LaVd/5BLmbNU8Q4Ax8NezihiPt2ISNqi2vKilEchSSf+YSOXxfsLUb0SUmDskm1WkBOVTsqdyuyYI0RYKqr0Q==

readable-stream@^3.6.0:
  version "3.6.0"
  resolved "https://registry.yarnpkg.com/readable-stream/-/readable-stream-3.6.0.tgz#337bbda3adc0706bd3e024426a286d4b4b2c9198"
  integrity sha512-BViHy7LKeTz4oNnkcLJ+lVSL6vpiFeX6/d3oSH8zCW7UxP2onchk+vTGB143xuFjHS3deTgkKoXXymXqymiIdA==
  dependencies:
    inherits "^2.0.3"
    string_decoder "^1.1.1"
    util-deprecate "^1.0.1"

safe-buffer@~5.2.0:
  version "5.2.1"
  resolved "https://registry.yarnpkg.com/safe-buffer/-/safe-buffer-5.2.1.tgz#1eaf9fa9bdb1fdd4ec75f58f9cdb4e6b7827eec6"
  integrity sha512-rp3So07KcdmmKbGvgaNxQSJr7bGVSVk5S9Eq1F+ppbRo70+YeaDxkw5Dd8NPN+GD6bjnYm2VuPuCXmpuYvmCXQ==

semver@~5.3.0:
  version "5.3.0"
  resolved "https://registry.yarnpkg.com/semver/-/semver-5.3.0.tgz#9b2ce5d3de02d17c6012ad326aa6b4d0cf54f94f"
  integrity sha1-myzl094C0XxgEq0yaqa00M9U+U8=

string_decoder@^1.1.1:
  version "1.3.0"
  resolved "https://registry.yarnpkg.com/string_decoder/-/string_decoder-1.3.0.tgz#42f114594a46cf1a8e30b0a84f56c78c3edac21e"
  integrity sha512-hkRX8U1WjJFd8LsDJ2yQ/wWWxaopEsABU1XfkM8A+j0+85JAGppt16cr1Whg6KIbb4okU6Mql6BOj+uup/wKeA==
  dependencies:
    safe-buffer "~5.2.0"

tr46@~0.0.3:
  version "0.0.3"
  resolved "https://registry.yarnpkg.com/tr46/-/tr46-0.0.3.tgz#8184fd347dac9cdc185992f3a6622e14b9d9ab6a"
  integrity sha1-gYT9NH2snNwYWZLzpmIuFLnZq2o=

ts-mixer@^6.0.0:
  version "6.0.1"
  resolved "https://registry.yarnpkg.com/ts-mixer/-/ts-mixer-6.0.1.tgz#7c2627fb98047eb5f3c7f2fee39d1521d18fe87a"
  integrity sha512-hvE+ZYXuINrx6Ei6D6hz+PTim0Uf++dYbK9FFifLNwQj+RwKquhQpn868yZsCtJYiclZF1u8l6WZxxKi+vv7Rg==

tslib@^1.9.3:
  version "1.14.1"
  resolved "https://registry.yarnpkg.com/tslib/-/tslib-1.14.1.tgz#cf2d38bdc34a134bcaf1091c41f6619e2f672d00"
  integrity sha512-Xni35NKzjgMrwevysHTCArtLDpPvye8zV/0E4EyYn43P7/7qvQwPh9BGkHewbMulVntbigmcT7rdX3BNo9wRJg==

tslib@^2.3.1:
  version "2.3.1"
  resolved "https://registry.yarnpkg.com/tslib/-/tslib-2.3.1.tgz#e8a335add5ceae51aa261d32a490158ef042ef01"
  integrity sha512-77EbyPPpMz+FRFRuAFlWMtmgUWGe9UOG2Z25NqCwiIjRhOf5iKGuzSe5P2w1laq+FkRy4p+PCuVkJSGkzTEKVw==

twemoji-parser@^14.0.0:
  version "14.0.0"
  resolved "https://registry.yarnpkg.com/twemoji-parser/-/twemoji-parser-14.0.0.tgz#13dabcb6d3a261d9efbf58a1666b182033bf2b62"
  integrity sha512-9DUOTGLOWs0pFWnh1p6NF+C3CkQ96PWmEFwhOVmT3WbecRC+68AIqpsnJXygfkFcp4aXbOp8Dwbhh/HQgvoRxA==

utf7@^1.0.2:
  version "1.0.2"
  resolved "https://registry.yarnpkg.com/utf7/-/utf7-1.0.2.tgz#955f490aae653ba220b9456a0a8776c199360991"
  integrity sha1-lV9JCq5lO6IguUVqCod2wZk2CZE=
  dependencies:
    semver "~5.3.0"

util-deprecate@^1.0.1:
  version "1.0.2"
  resolved "https://registry.yarnpkg.com/util-deprecate/-/util-deprecate-1.0.2.tgz#450d4dc9fa70de732762fbd2d4a28981419a0ccf"
  integrity sha1-RQ1Nyfpw3nMnYvvS1KKJgUGaDM8=

webidl-conversions@^3.0.0:
  version "3.0.1"
  resolved "https://registry.yarnpkg.com/webidl-conversions/-/webidl-conversions-3.0.1.tgz#24534275e2a7bc6be7bc86611cc16ae0a5654871"
  integrity sha1-JFNCdeKnvGvnvIZhHMFq4KVlSHE=

whatwg-url@^5.0.0:
  version "5.0.0"
  resolved "https://registry.yarnpkg.com/whatwg-url/-/whatwg-url-5.0.0.tgz#966454e8765462e37644d3626f6742ce8b70965d"
  integrity sha1-lmRU6HZUYuN2RNNib2dCzotwll0=
  dependencies:
    tr46 "~0.0.3"
    webidl-conversions "^3.0.0"

ws@^8.4.0:
  version "8.5.0"
  resolved "https://registry.yarnpkg.com/ws/-/ws-8.5.0.tgz#bfb4be96600757fe5382de12c670dab984a1ed4f"
  integrity sha512-BWX0SWVgLPzYwF8lTzEy1egjhS4S4OEAHfsO8o65WOVsrnSRGaSiUaa9e0ggGlkMTtBlmOpEXiie9RUcBO86qg==

zod@^3.11.6:
  version "3.14.2"
  resolved "https://registry.yarnpkg.com/zod/-/zod-3.14.2.tgz#0b4ed79085c471adce0e7f2c0a4fbb5ddc516ba2"
  integrity sha512-iF+wrtzz7fQfkmn60PG6XFxaWBhYYKzp2i+nv24WbLUWb2JjymdkHlzBwP0erpc78WotwP5g9AAu7Sk8GWVVNw==
