# THIS IS AN AUTOGENERATED FILE. DO NOT EDIT THIS FILE DIRECTLY.
# yarn lockfile v1


"@discordjs/builders@^0.11.0":
  version "0.11.0"
  resolved "https://registry.yarnpkg.com/@discordjs/builders/-/builders-0.11.0.tgz#4102abe3e0cd093501f3f71931df43eb92f5b0cc"
  integrity sha512-ZTB8yJdJKrKlq44dpWkNUrAtEJEq0gqpb7ASdv4vmq6/mZal5kOv312hQ56I/vxwMre+VIkoHquNUAfnTbiYtg==
  dependencies:
    "@sindresorhus/is" "^4.2.0"
    discord-api-types "^0.26.0"
    ts-mixer "^6.0.0"
    tslib "^2.3.1"
    zod "^3.11.6"

"@discordjs/collection@^0.4.0":
  version "0.4.0"
  resolved "https://registry.yarnpkg.com/@discordjs/collection/-/collection-0.4.0.tgz#b6488286a1cc7b41b644d7e6086f25a1c1e6f837"
  integrity sha512-zmjq+l/rV35kE6zRrwe8BHqV78JvIh2ybJeZavBi5NySjWXqN3hmmAKg7kYMMXSeiWtSsMoZ/+MQi0DiQWy2lw==

"@discordjs/collection@^0.5.0":
  version "0.5.0"
  resolved "https://registry.yarnpkg.com/@discordjs/collection/-/collection-0.5.0.tgz#e1717661600891c9ca0735e76ec5bb64fe880f9c"
  integrity sha512-3Vr3y4/Kl6ThOsD/cbXkK4JmjawQahbM3ojHpD6XyTEOG4fwZFMYH/NTWKFd5WZUw38iQsvGC4Kt4VkL++1hFQ==

"@sapphire/async-queue@^1.1.9":
  version "1.3.0"
  resolved "https://registry.yarnpkg.com/@sapphire/async-queue/-/async-queue-1.3.0.tgz#98b1b364a5fe820366a786827f2e987590de5964"
  integrity sha512-z+CDw5X4UgIEpZL8KM+ThVx1i8V60HBg0l/oFewTNbQQeRDJHdVxHyJykv+SF1H+Rc8EkMS81VTWo95jVYgO/g==

"@sapphire/discord-utilities@^2.10.1", "@sapphire/discord-utilities@^2.8.0":
  version "2.10.1"
  resolved "https://registry.yarnpkg.com/@sapphire/discord-utilities/-/discord-utilities-2.10.1.tgz#0ed40019df7d867b1c26cf5c97cf5fab536fb153"
  integrity sha512-ZkaWPah1of0fuLYjnDvrP9gTWrn6E1JhBRX0KbMDXJVpwRMsZp0AAznfTBa2YD5gzLEvpxzgS3zHeeOw+knjaw==
  dependencies:
    twemoji-parser "^13.1.0"

"@sapphire/discord.js-utilities@^4.8.1", "@sapphire/discord.js-utilities@^4.9.0":
  version "4.9.1"
  resolved "https://registry.yarnpkg.com/@sapphire/discord.js-utilities/-/discord.js-utilities-4.9.1.tgz#10ef3942ebaef5ae1a3832b933c6e8f584886bec"
  integrity sha512-rlx/drbtehIx/yVnqTNRskeYEg/gAhrUqrN2+qs5wWwwNR0N9vERetQOVSzgZvszcuhlQlyIEH+sEYICkgi2fA==
  dependencies:
    "@sapphire/discord-utilities" "^2.10.1"
    "@sapphire/time-utilities" "^1.7.1"
    "@sapphire/utilities" "^3.5.0"
    tslib "^2.3.1"

"@sapphire/framework@^2.4.1":
  version "2.4.1"
  resolved "https://registry.yarnpkg.com/@sapphire/framework/-/framework-2.4.1.tgz#89a9b7fafa2fe08793ed809d7b8b193cfb34da30"
  integrity sha512-AIrpLT/jA1m0EzPiJ4XXL1K2as+AflE2xjlXX0JCaRSTYnjW6xSRinSOIn7oVyV1zO3qHSIzzgue1nzoNL9yvQ==
  dependencies:
    "@sapphire/discord-utilities" "^2.8.0"
    "@sapphire/discord.js-utilities" "^4.8.1"
    "@sapphire/pieces" "^3.2.0"
    "@sapphire/ratelimits" "^2.3.1"
    "@sapphire/utilities" "^3.3.0"
    lexure "^0.17.0"
    tslib "^2.3.1"

"@sapphire/pieces@^3.2.0":
  version "3.3.0"
  resolved "https://registry.yarnpkg.com/@sapphire/pieces/-/pieces-3.3.0.tgz#d5361d143bc3b02cd4d5a14683df790ddda1e8b3"
  integrity sha512-T3r6iN9BQLG9wyGvUzfQp4rXsiZ1AGN0+MXlsWER0kC6XxtDxFSCJWG613JFTS0f4xWqfYRaZr7wW/ggyc71UQ==
  dependencies:
    "@discordjs/collection" "^0.5.0"
    "@sapphire/utilities" "^3.4.0"
    tslib "^2.3.1"

"@sapphire/plugin-logger@^2.2.0":
  version "2.2.0"
  resolved "https://registry.yarnpkg.com/@sapphire/plugin-logger/-/plugin-logger-2.2.0.tgz#c06a87dc1d5f99611a63b2972e56a96a21f3ab2e"
  integrity sha512-r72gFCZnr1AQ71/VXx3DZXSMsPOihAUMWVG+i3klP1KAYKhlNL6veayerTCPxuq6QOL+uFx+yAL09TkifQj4zw==
  dependencies:
    "@sapphire/time-utilities" "^1.6.0"
    colorette "^2.0.16"
    tslib "^2.3.1"

"@sapphire/plugin-subcommands@^2.2.0":
  version "2.2.0"
  resolved "https://registry.yarnpkg.com/@sapphire/plugin-subcommands/-/plugin-subcommands-2.2.0.tgz#2973fa8f93c44e34968ad97f60cdd81b4cd57ae9"
  integrity sha512-+qNrgtASNlQRMC2sbIvvbK7hblcfvWW9zqFwdlkekJVfSpssD9XTOR7bvN9hNCdYAF2ykrVn+BaMTd38k58geA==
  dependencies:
    tslib "^2.3.1"

"@sapphire/ratelimits@^2.3.1":
  version "2.4.1"
  resolved "https://registry.yarnpkg.com/@sapphire/ratelimits/-/ratelimits-2.4.1.tgz#cf5ee585e699d8849a83437c6c8cf91260f92fe5"
  integrity sha512-/v3wv2HH50gcG2EXXJINLTuw86zK1cINcUZOpn/v2JqQbPMPG/rJRAycMZhtOtPRm6d4NrjLoqRyv4wDMR6D4g==
  dependencies:
    "@sapphire/time-utilities" "^1.7.1"

"@sapphire/stopwatch@^1.3.0":
  version "1.4.0"
  resolved "https://registry.yarnpkg.com/@sapphire/stopwatch/-/stopwatch-1.4.0.tgz#76bd616a5ab8618c3932a016586143b7774286c7"
  integrity sha512-4gtDuls69vTLseQ3TCZnrWj2boLz7imok0W7wg0+VtF+VGTK3glRn34YEEt0Hj92Ebqmst87EPEJyZ1U5nNs9w==
  dependencies:
    tslib "^2.3.1"

"@sapphire/time-utilities@^1.6.0", "@sapphire/time-utilities@^1.7.1":
  version "1.7.1"
  resolved "https://registry.yarnpkg.com/@sapphire/time-utilities/-/time-utilities-1.7.1.tgz#caeb198d1719d66b6d9dca434075651ca7ed22a5"
  integrity sha512-0YLA/wPFozKQbmdfrtIOFTKznLINaCnj6NU0ydjKZOtofNa2MWGxwUd6ZtiU0NnxCtwvM7dYLw9H3c/IIeZCzQ==
  dependencies:
    "@sapphire/utilities" "^3.5.0"

"@sapphire/utilities@^3.3.0", "@sapphire/utilities@^3.4.0", "@sapphire/utilities@^3.5.0":
  version "3.5.0"
  resolved "https://registry.yarnpkg.com/@sapphire/utilities/-/utilities-3.5.0.tgz#1caf5ae84941b55026298be244afb61b4bbcfe03"
  integrity sha512-TKB6szXNBlKY9HfkiOvT1p79iQEnXVhr49QwWXgoQpGU9ODXcE1oGOTTAYixmYZLJfRw64+4gGiiUoSE1KiPEw==

"@sentry/core@6.18.2":
  version "6.18.2"
  resolved "https://registry.yarnpkg.com/@sentry/core/-/core-6.18.2.tgz#d27619b7b4a4b90e2cfdc254d40ee9d630b251b9"
  integrity sha512-r5ad/gq5S/JHc9sd5CUhZQT9ojQ+f+thk/AoGeGawX/8HURZYAgIqD565d6FK0VsZEDkdRMl58z1Qon20h3y1g==
  dependencies:
    "@sentry/hub" "6.18.2"
    "@sentry/minimal" "6.18.2"
    "@sentry/types" "6.18.2"
    "@sentry/utils" "6.18.2"
    tslib "^1.9.3"

"@sentry/hub@6.18.2":
  version "6.18.2"
  resolved "https://registry.yarnpkg.com/@sentry/hub/-/hub-6.18.2.tgz#fdb8536f61899fd48f3d1b49a6957348ad729ec5"
  integrity sha512-d0AugekMkbnN12b4EXMjseJxtLPc9S20DGobCPUb4oAQT6S2oDQEj1jwP6PQ5vtgyy+GMYWxBMgqAQ4pjVYISQ==
  dependencies:
    "@sentry/types" "6.18.2"
    "@sentry/utils" "6.18.2"
    tslib "^1.9.3"

"@sentry/minimal@6.18.2":
  version "6.18.2"
  resolved "https://registry.yarnpkg.com/@sentry/minimal/-/minimal-6.18.2.tgz#581c2fc030b9c89f1fcdc3e4855b91ce6c95db56"
  integrity sha512-n7KYuo34W2LxE+3dnZ47of7XHuORINCnXq66XH72eoj67tf0XeWbIhEJrYGmoLRyRfoCYYrBLWiDl/uTjLzrzQ==
  dependencies:
    "@sentry/hub" "6.18.2"
    "@sentry/types" "6.18.2"
    tslib "^1.9.3"

"@sentry/node@^6.18.2":
  version "6.18.2"
  resolved "https://registry.yarnpkg.com/@sentry/node/-/node-6.18.2.tgz#0d3a294ad89434b108f79da5c4d9fcde4f251993"
  integrity sha512-1S+44c09n3KVpCYjwOfnA9jKvnpPegpQWM81Nu5J6ToGx+ZiddMq6B9GRXUnFfZ7Z6fJHZzFtySasQC7KqkQoA==
  dependencies:
    "@sentry/core" "6.18.2"
    "@sentry/hub" "6.18.2"
    "@sentry/types" "6.18.2"
    "@sentry/utils" "6.18.2"
    cookie "^0.4.1"
    https-proxy-agent "^5.0.0"
    lru_map "^0.3.3"
    tslib "^1.9.3"

"@sentry/tracing@^6.18.2":
  version "6.18.2"
  resolved "https://registry.yarnpkg.com/@sentry/tracing/-/tracing-6.18.2.tgz#163ecf0042aeb300c12952a91784fda6630085ef"
  integrity sha512-hg6NLqrqJ5sUPTyWEQ2RqdnhQVnyLtx8II0IyWxQLDWD8UCe3Mu6G7mroDtakPWcP+lWz6OnKfMEfuhMcxR8fw==
  dependencies:
    "@sentry/hub" "6.18.2"
    "@sentry/minimal" "6.18.2"
    "@sentry/types" "6.18.2"
    "@sentry/utils" "6.18.2"
    tslib "^1.9.3"

"@sentry/types@6.18.2":
  version "6.18.2"
  resolved "https://registry.yarnpkg.com/@sentry/types/-/types-6.18.2.tgz#f528fec8b75c19d5a6976004e71703184c6cf7be"
  integrity sha512-WzpJf/Q5aORTzrSwer/As1NlO90dBAQpaHV2ikDDKqOyMWEgjKb5/4gh59p9gH8JMMnLetP1AvQel0fOj5UnUw==

"@sentry/utils@6.18.2":
  version "6.18.2"
  resolved "https://registry.yarnpkg.com/@sentry/utils/-/utils-6.18.2.tgz#c572a3ff49113e7dc4c97db1a18d117f199b9fff"
  integrity sha512-EC619jesknyu4xpwud5WC/5odYLz6JUy7OSFy5405PpdGeh/m8XUvuJAx4zDx0Iz/Mlk0S1Md+ZcQwqkv39dkw==
  dependencies:
    "@sentry/types" "6.18.2"
    tslib "^1.9.3"

"@sindresorhus/is@^4.2.0":
  version "4.6.0"
  resolved "https://registry.yarnpkg.com/@sindresorhus/is/-/is-4.6.0.tgz#3c7c9c46e678feefe7a2e5bb609d3dbd665ffb3f"
  integrity sha512-t09vSN3MdfsyCHoFcTRCH/iUtG7OJ0CsjzB8cjAmKc/va/kIgeDI/TxsigdncE/4be734m0cvIYwNaV4i2XqAw==

"@types/node-fetch@^2.5.12":
  version "2.6.1"
  resolved "https://registry.yarnpkg.com/@types/node-fetch/-/node-fetch-2.6.1.tgz#8f127c50481db65886800ef496f20bbf15518975"
  integrity sha512-oMqjURCaxoSIsHSr1E47QHzbmzNR5rK8McHuNb11BOM9cHcIK3Avy0s/b2JlXHoQGTYS3NsvWzV1M0iK7l0wbA==
  dependencies:
    "@types/node" "*"
    form-data "^3.0.0"

"@types/node@*":
  version "17.0.21"
  resolved "https://registry.yarnpkg.com/@types/node/-/node-17.0.21.tgz#864b987c0c68d07b4345845c3e63b75edd143644"
  integrity sha512-DBZCJbhII3r90XbQxI8Y9IjjiiOGlZ0Hr32omXIZvwwZ7p4DMMXGrKXVyPfuoBOri9XNtL0UK69jYIBIsRX3QQ==

"@types/ws@^8.2.2":
  version "8.5.3"
  resolved "https://registry.yarnpkg.com/@types/ws/-/ws-8.5.3.tgz#7d25a1ffbecd3c4f2d35068d0b283c037003274d"
  integrity sha512-6YOoWjruKj1uLf3INHH7D3qTXwFfEsg1kf3c0uDdSBJwfa/llkwIjrAGV7j7mVgGNbzTQ3HiHKKDXl6bJPD97w==
  dependencies:
    "@types/node" "*"

agent-base@6:
  version "6.0.2"
  resolved "https://registry.yarnpkg.com/agent-base/-/agent-base-6.0.2.tgz#49fff58577cfee3f37176feab4c22e00f86d7f77"
  integrity sha512-RZNwNclF7+MS/8bDg70amg32dyeZGZxiDuQmZxKLAlQjr3jGyLx+4Kkk58UO7D2QdgFIQCovuSuZESne6RG6XQ==
  dependencies:
    debug "4"

asynckit@^0.4.0:
  version "0.4.0"
  resolved "https://registry.yarnpkg.com/asynckit/-/asynckit-0.4.0.tgz#c79ed97f7f34cb8f2ba1bc9790bcc366474b4b79"
  integrity sha1-x57Zf380y48robyXkLzDZkdLS3k=

colorette@^2.0.16:
  version "2.0.16"
  resolved "https://registry.yarnpkg.com/colorette/-/colorette-2.0.16.tgz#713b9af84fdb000139f04546bd4a93f62a5085da"
  integrity sha512-hUewv7oMjCp+wkBv5Rm0v87eJhq4woh5rSR+42YSQJKecCqgIqNkZ6lAlQms/BwHPJA5NKMRlpxPRv0n8HQW6g==

combined-stream@^1.0.8:
  version "1.0.8"
  resolved "https://registry.yarnpkg.com/combined-stream/-/combined-stream-1.0.8.tgz#c3d45a8b34fd730631a110a8a2520682b31d5a7f"
  integrity sha512-FQN4MRfuJeHf7cBbBMJFXhKSDq+2kAArBlmRBvcvFE5BB1HZKXtSFASDhdlz9zOYwxh8lDdnvmMOe/+5cdoEdg==
  dependencies:
    delayed-stream "~1.0.0"

cookie@^0.4.1:
  version "0.4.2"
  resolved "https://registry.yarnpkg.com/cookie/-/cookie-0.4.2.tgz#0e41f24de5ecf317947c82fc789e06a884824432"
  integrity sha512-aSWTXFzaKWkvHO1Ny/s+ePFpvKsPnjc551iI41v3ny/ow6tBG5Vd+FuqGNhh1LxOmVzOlGUriIlOaokOvhaStA==

debug@4:
  version "4.3.4"
  resolved "https://registry.yarnpkg.com/debug/-/debug-4.3.4.tgz#1319f6579357f2338d3337d2cdd4914bb5dcc865"
  integrity sha512-PRWFHuSU3eDtQJPvnNY7Jcket1j0t5OuOsFzPPzsekD52Zl8qUfFIPEiswXqIvHWGVHOgX+7G/vCNNhehwxfkQ==
  dependencies:
    ms "2.1.2"

delayed-stream@~1.0.0:
  version "1.0.0"
  resolved "https://registry.yarnpkg.com/delayed-stream/-/delayed-stream-1.0.0.tgz#df3ae199acadfb7d440aaae0b29e2272b24ec619"
  integrity sha1-3zrhmayt+31ECqrgsp4icrJOxhk=

discord-api-types@^0.26.0:
  version "0.26.1"
  resolved "https://registry.yarnpkg.com/discord-api-types/-/discord-api-types-0.26.1.tgz#726f766ddc37d60da95740991d22cb6ef2ed787b"
  integrity sha512-T5PdMQ+Y1MEECYMV5wmyi9VEYPagEDEi4S0amgsszpWY0VB9JJ/hEvM6BgLhbdnKky4gfmZEXtEEtojN8ZKJQQ==

discord.js@^13.6.0:
  version "13.6.0"
  resolved "https://registry.yarnpkg.com/discord.js/-/discord.js-13.6.0.tgz#d8a8a591dbf25cbcf9c783d5ddf22c4694860475"
  integrity sha512-tXNR8zgsEPxPBvGk3AQjJ9ljIIC6/LOPjzKwpwz8Y1Q2X66Vi3ZqFgRHYwnHKC0jC0F+l4LzxlhmOJsBZDNg9g==
  dependencies:
    "@discordjs/builders" "^0.11.0"
    "@discordjs/collection" "^0.4.0"
    "@sapphire/async-queue" "^1.1.9"
    "@types/node-fetch" "^2.5.12"
    "@types/ws" "^8.2.2"
    discord-api-types "^0.26.0"
    form-data "^4.0.0"
    node-fetch "^2.6.1"
    ws "^8.4.0"

dotenv@^16.0.0:
  version "16.0.0"
  resolved "https://registry.yarnpkg.com/dotenv/-/dotenv-16.0.0.tgz#c619001253be89ebb638d027b609c75c26e47411"
  integrity sha512-qD9WU0MPM4SWLPJy/r2Be+2WgQj8plChsyrCNQzW/0WjvcJQiKQJ9mH3ZgB3fxbUUxgc/11ZJ0Fi5KiimWGz2Q==

form-data@^3.0.0:
  version "3.0.1"
  resolved "https://registry.yarnpkg.com/form-data/-/form-data-3.0.1.tgz#ebd53791b78356a99af9a300d4282c4d5eb9755f"
  integrity sha512-RHkBKtLWUVwd7SqRIvCZMEvAMoGUp0XU+seQiZejj0COz3RI3hWP4sCv3gZWWLjJTd7rGwcsF5eKZGii0r/hbg==
  dependencies:
    asynckit "^0.4.0"
    combined-stream "^1.0.8"
    mime-types "^2.1.12"

form-data@^4.0.0:
  version "4.0.0"
  resolved "https://registry.yarnpkg.com/form-data/-/form-data-4.0.0.tgz#93919daeaf361ee529584b9b31664dc12c9fa452"
  integrity sha512-ETEklSGi5t0QMZuiXoA/Q6vcnxcLQP5vdugSpuAyi6SVGi2clPPp+xgEhuMaHC+zGgn31Kd235W35f7Hykkaww==
  dependencies:
    asynckit "^0.4.0"
    combined-stream "^1.0.8"
    mime-types "^2.1.12"

https-proxy-agent@^5.0.0:
  version "5.0.0"
  resolved "https://registry.yarnpkg.com/https-proxy-agent/-/https-proxy-agent-5.0.0.tgz#e2a90542abb68a762e0a0850f6c9edadfd8506b2"
  integrity sha512-EkYm5BcKUGiduxzSt3Eppko+PiNWNEpa4ySk9vTC6wDsQJW9rHSa+UhGNJoRYp7bz6Ht1eaRIa6QaJqO5rCFbA==
  dependencies:
    agent-base "6"
    debug "4"

inherits@^2.0.3:
  version "2.0.4"
  resolved "https://registry.yarnpkg.com/inherits/-/inherits-2.0.4.tgz#0fa2c64f932917c3433a0ded55363aae37416b7c"
  integrity sha512-k/vGaX4/Yla3WzyMCvTQOXYeIHvqOKtnqBduzTHpzpQZzAskKMhZ2K+EnBiSM9zGSoIFeMpXKxa4dYeZIQqewQ==

lexure@^0.17.0:
  version "0.17.0"
  resolved "https://registry.yarnpkg.com/lexure/-/lexure-0.17.0.tgz#95c26ee49dc3df5f28e2826b1647eb7569aab12a"
  integrity sha512-0L8GqFgPW36sLNqxdp2VOOef5Ajpb98kc0Zk4AzE+Yf0xYTDndcT1vpFqwkTdrCCw+FV8DH4mC9NUw0RlARThA==

lru_map@^0.3.3:
  version "0.3.3"
  resolved "https://registry.yarnpkg.com/lru_map/-/lru_map-0.3.3.tgz#b5c8351b9464cbd750335a79650a0ec0e56118dd"
  integrity sha1-tcg1G5Rky9dQM1p5ZQoOwOVhGN0=

mime-db@1.52.0:
  version "1.52.0"
  resolved "https://registry.yarnpkg.com/mime-db/-/mime-db-1.52.0.tgz#bbabcdc02859f4987301c856e3387ce5ec43bf70"
  integrity sha512-sPU4uV7dYlvtWJxwwxHD0PuihVNiE7TyAbQ5SWxDCB9mUYvOgroQOwYQQOKPJ8CIbE+1ETVlOoK1UC2nU3gYvg==

mime-types@^2.1.12:
  version "2.1.35"
  resolved "https://registry.yarnpkg.com/mime-types/-/mime-types-2.1.35.tgz#381a871b62a734450660ae3deee44813f70d959a"
  integrity sha512-ZDY+bPm5zTTF+YpCrAU9nK0UgICYPT0QtT1NZWFv4s++TNkcgVaT0g6+4R2uI4MjQjzysHB1zxuWL50hzaeXiw==
  dependencies:
    mime-db "1.52.0"

ms@2.1.2:
  version "2.1.2"
  resolved "https://registry.yarnpkg.com/ms/-/ms-2.1.2.tgz#d09d1f357b443f493382a8eb3ccd183872ae6009"
  integrity sha512-sGkPx+VjMtmA6MX27oA4FBFELFCZZ4S4XqeGOXCv68tT+jb3vk/RyaKWP0PTKyWtmLSM0b+adUTEvbs1PEaH2w==

node-fetch@^2.6.1:
  version "2.6.7"
  resolved "https://registry.yarnpkg.com/node-fetch/-/node-fetch-2.6.7.tgz#24de9fba827e3b4ae44dc8b20256a379160052ad"
  integrity sha512-ZjMPFEfVx5j+y2yF35Kzx5sF7kDzxuDj6ziH4FFbOp87zKDZNx8yExJIb05OGF4Nlt9IHFIMBkRl41VdvcNdbQ==
  dependencies:
    whatwg-url "^5.0.0"

node-imap@^0.9.6:
  version "0.9.6"
  resolved "https://registry.yarnpkg.com/node-imap/-/node-imap-0.9.6.tgz#b98d87f4a99dbf5184e567cd6b0f3094014f64eb"
  integrity sha512-pYQ2AtjQwrSvILq8EYInv3E3svrJwrTOxzW7uBGpP//AkCs/pMdO+O6KEgUlSchh/0/N0MSWs5io3xZhxJ9yLg==
  dependencies:
    readable-stream "^3.6.0"
    utf7 "^1.0.2"

petitio@^1.4.0:
  version "1.4.0"
  resolved "https://registry.yarnpkg.com/petitio/-/petitio-1.4.0.tgz#1887cba89b95de2c61ef774a2f1baf68845ba022"
  integrity sha512-9LaVd/5BLmbNU8Q4Ax8NezihiPt2ISNqi2vKilEchSSf+YSOXxfsLUb0SUmDskm1WkBOVTsqdyuyYI0RYKqr0Q==

readable-stream@^3.6.0:
  version "3.6.0"
  resolved "https://registry.yarnpkg.com/readable-stream/-/readable-stream-3.6.0.tgz#337bbda3adc0706bd3e024426a286d4b4b2c9198"
  integrity sha512-BViHy7LKeTz4oNnkcLJ+lVSL6vpiFeX6/d3oSH8zCW7UxP2onchk+vTGB143xuFjHS3deTgkKoXXymXqymiIdA==
  dependencies:
    inherits "^2.0.3"
    string_decoder "^1.1.1"
    util-deprecate "^1.0.1"

safe-buffer@~5.2.0:
  version "5.2.1"
  resolved "https://registry.yarnpkg.com/safe-buffer/-/safe-buffer-5.2.1.tgz#1eaf9fa9bdb1fdd4ec75f58f9cdb4e6b7827eec6"
  integrity sha512-rp3So07KcdmmKbGvgaNxQSJr7bGVSVk5S9Eq1F+ppbRo70+YeaDxkw5Dd8NPN+GD6bjnYm2VuPuCXmpuYvmCXQ==

semver@~5.3.0:
  version "5.3.0"
  resolved "https://registry.yarnpkg.com/semver/-/semver-5.3.0.tgz#9b2ce5d3de02d17c6012ad326aa6b4d0cf54f94f"
  integrity sha1-myzl094C0XxgEq0yaqa00M9U+U8=

string_decoder@^1.1.1:
  version "1.3.0"
  resolved "https://registry.yarnpkg.com/string_decoder/-/string_decoder-1.3.0.tgz#42f114594a46cf1a8e30b0a84f56c78c3edac21e"
  integrity sha512-hkRX8U1WjJFd8LsDJ2yQ/wWWxaopEsABU1XfkM8A+j0+85JAGppt16cr1Whg6KIbb4okU6Mql6BOj+uup/wKeA==
  dependencies:
    safe-buffer "~5.2.0"

tr46@~0.0.3:
  version "0.0.3"
  resolved "https://registry.yarnpkg.com/tr46/-/tr46-0.0.3.tgz#8184fd347dac9cdc185992f3a6622e14b9d9ab6a"
  integrity sha1-gYT9NH2snNwYWZLzpmIuFLnZq2o=

ts-mixer@^6.0.0:
  version "6.0.1"
  resolved "https://registry.yarnpkg.com/ts-mixer/-/ts-mixer-6.0.1.tgz#7c2627fb98047eb5f3c7f2fee39d1521d18fe87a"
  integrity sha512-hvE+ZYXuINrx6Ei6D6hz+PTim0Uf++dYbK9FFifLNwQj+RwKquhQpn868yZsCtJYiclZF1u8l6WZxxKi+vv7Rg==

tslib@^1.9.3:
  version "1.14.1"
  resolved "https://registry.yarnpkg.com/tslib/-/tslib-1.14.1.tgz#cf2d38bdc34a134bcaf1091c41f6619e2f672d00"
  integrity sha512-Xni35NKzjgMrwevysHTCArtLDpPvye8zV/0E4EyYn43P7/7qvQwPh9BGkHewbMulVntbigmcT7rdX3BNo9wRJg==

tslib@^2.3.1:
  version "2.3.1"
  resolved "https://registry.yarnpkg.com/tslib/-/tslib-2.3.1.tgz#e8a335add5ceae51aa261d32a490158ef042ef01"
  integrity sha512-77EbyPPpMz+FRFRuAFlWMtmgUWGe9UOG2Z25NqCwiIjRhOf5iKGuzSe5P2w1laq+FkRy4p+PCuVkJSGkzTEKVw==

twemoji-parser@^13.1.0:
  version "13.1.0"
  resolved "https://registry.yarnpkg.com/twemoji-parser/-/twemoji-parser-13.1.0.tgz#65e7e449c59258791b22ac0b37077349127e3ea4"
  integrity sha512-AQOzLJpYlpWMy8n+0ATyKKZzWlZBJN+G0C+5lhX7Ftc2PeEVdUU/7ns2Pn2vVje26AIZ/OHwFoUbdv6YYD/wGg==

utf7@^1.0.2:
  version "1.0.2"
  resolved "https://registry.yarnpkg.com/utf7/-/utf7-1.0.2.tgz#955f490aae653ba220b9456a0a8776c199360991"
  integrity sha1-lV9JCq5lO6IguUVqCod2wZk2CZE=
  dependencies:
    semver "~5.3.0"

util-deprecate@^1.0.1:
  version "1.0.2"
  resolved "https://registry.yarnpkg.com/util-deprecate/-/util-deprecate-1.0.2.tgz#450d4dc9fa70de732762fbd2d4a28981419a0ccf"
  integrity sha1-RQ1Nyfpw3nMnYvvS1KKJgUGaDM8=

webidl-conversions@^3.0.0:
  version "3.0.1"
  resolved "https://registry.yarnpkg.com/webidl-conversions/-/webidl-conversions-3.0.1.tgz#24534275e2a7bc6be7bc86611cc16ae0a5654871"
  integrity sha1-JFNCdeKnvGvnvIZhHMFq4KVlSHE=

whatwg-url@^5.0.0:
  version "5.0.0"
  resolved "https://registry.yarnpkg.com/whatwg-url/-/whatwg-url-5.0.0.tgz#966454e8765462e37644d3626f6742ce8b70965d"
  integrity sha1-lmRU6HZUYuN2RNNib2dCzotwll0=
  dependencies:
    tr46 "~0.0.3"
    webidl-conversions "^3.0.0"

ws@^8.4.0:
  version "8.5.0"
  resolved "https://registry.yarnpkg.com/ws/-/ws-8.5.0.tgz#bfb4be96600757fe5382de12c670dab984a1ed4f"
  integrity sha512-BWX0SWVgLPzYwF8lTzEy1egjhS4S4OEAHfsO8o65WOVsrnSRGaSiUaa9e0ggGlkMTtBlmOpEXiie9RUcBO86qg==

zod@^3.11.6:
  version "3.13.4"
  resolved "https://registry.yarnpkg.com/zod/-/zod-3.13.4.tgz#5d6fe03ef4824a637d7ef50b5441cf6ab3acede0"
  integrity sha512-LZRucWt4j/ru5azOkJxCfpR87IyFDn8h2UODdqvXzZLb3K7bb9chUrUIGTy3BPsr8XnbQYfQ5Md5Hu2OYIo1mg==
