# THIS IS AN AUTOGENERATED FILE. DO NOT EDIT THIS FILE DIRECTLY.
# yarn lockfile v1


"@discordjs/builders@^0.11.0":
  "integrity" "sha512-ZTB8yJdJKrKlq44dpWkNUrAtEJEq0gqpb7ASdv4vmq6/mZal5kOv312hQ56I/vxwMre+VIkoHquNUAfnTbiYtg=="
  "resolved" "https://registry.npmjs.org/@discordjs/builders/-/builders-0.11.0.tgz"
  "version" "0.11.0"
  dependencies:
    "@sindresorhus/is" "^4.2.0"
    "discord-api-types" "^0.26.0"
    "ts-mixer" "^6.0.0"
    "tslib" "^2.3.1"
    "zod" "^3.11.6"

"@discordjs/builders@^0.13.0":
  "integrity" "sha512-4L9y26KRNNU8Y7J78SRUN1Uhava9D8jfit/YqEaKi8gQRc7PdqKqk2poybo6RXaiyt/BgKYPfcjxT7WvzGfYCA=="
  "resolved" "https://registry.npmjs.org/@discordjs/builders/-/builders-0.13.0.tgz"
  "version" "0.13.0"
  dependencies:
    "@sapphire/shapeshift" "^2.0.0"
    "@sindresorhus/is" "^4.6.0"
    "discord-api-types" "^0.31.1"
    "fast-deep-equal" "^3.1.3"
    "ts-mixer" "^6.0.1"
    "tslib" "^2.3.1"

"@discordjs/collection@^0.4.0":
  "integrity" "sha512-zmjq+l/rV35kE6zRrwe8BHqV78JvIh2ybJeZavBi5NySjWXqN3hmmAKg7kYMMXSeiWtSsMoZ/+MQi0DiQWy2lw=="
  "resolved" "https://registry.npmjs.org/@discordjs/collection/-/collection-0.4.0.tgz"
  "version" "0.4.0"

"@discordjs/collection@^0.5.0":
  "integrity" "sha512-3Vr3y4/Kl6ThOsD/cbXkK4JmjawQahbM3ojHpD6XyTEOG4fwZFMYH/NTWKFd5WZUw38iQsvGC4Kt4VkL++1hFQ=="
  "resolved" "https://registry.npmjs.org/@discordjs/collection/-/collection-0.5.0.tgz"
  "version" "0.5.0"

"@ioredis/commands@^1.1.1":
  "integrity" "sha512-fsR4P/ROllzf/7lXYyElUJCheWdTJVJvOTps8v9IWKFATxR61ANOlnoPqhH099xYLrJGpc2ZQ28B3rMeUt5VQg=="
  "resolved" "https://registry.npmjs.org/@ioredis/commands/-/commands-1.1.1.tgz"
  "version" "1.1.1"

"@octokit/auth-token@^2.4.4":
  "integrity" "sha512-r5FVUJCOLl19AxiuZD2VRZ/ORjp/4IN98Of6YJoJOkY75CIBuYfmiNHGrDwXr+aLGG55igl9QrxX3hbiXlLb+g=="
  "resolved" "https://registry.npmjs.org/@octokit/auth-token/-/auth-token-2.5.0.tgz"
  "version" "2.5.0"
  dependencies:
    "@octokit/types" "^6.0.3"

"@octokit/core@^3.6.0":
  "integrity" "sha512-7RKRKuA4xTjMhY+eG3jthb3hlZCsOwg3rztWh75Xc+ShDWOfDDATWbeZpAHBNRpm4Tv9WgBMOy1zEJYXG6NJ7Q=="
  "resolved" "https://registry.npmjs.org/@octokit/core/-/core-3.6.0.tgz"
  "version" "3.6.0"
  dependencies:
    "@octokit/auth-token" "^2.4.4"
    "@octokit/graphql" "^4.5.8"
    "@octokit/request" "^5.6.3"
    "@octokit/request-error" "^2.0.5"
    "@octokit/types" "^6.0.3"
    "before-after-hook" "^2.2.0"
    "universal-user-agent" "^6.0.0"

"@octokit/endpoint@^6.0.1":
  "integrity" "sha512-lF3puPwkQWGfkMClXb4k/eUT/nZKQfxinRWJrdZaJO85Dqwo/G0yOC434Jr2ojwafWJMYqFGFa5ms4jJUgujdA=="
  "resolved" "https://registry.npmjs.org/@octokit/endpoint/-/endpoint-6.0.12.tgz"
  "version" "6.0.12"
  dependencies:
    "@octokit/types" "^6.0.3"
    "is-plain-object" "^5.0.0"
    "universal-user-agent" "^6.0.0"

"@octokit/graphql@^4.5.8":
  "integrity" "sha512-0gv+qLSBLKF0z8TKaSKTsS39scVKF9dbMxJpj3U0vC7wjNWFuIpL/z76Qe2fiuCbDRcJSavkXsVtMS6/dtQQsg=="
  "resolved" "https://registry.npmjs.org/@octokit/graphql/-/graphql-4.8.0.tgz"
  "version" "4.8.0"
  dependencies:
    "@octokit/request" "^5.6.0"
    "@octokit/types" "^6.0.3"
    "universal-user-agent" "^6.0.0"

"@octokit/openapi-types@^11.2.0":
  "integrity" "sha512-PBsVO+15KSlGmiI8QAzaqvsNlZlrDlyAJYcrXBCvVUxCp7VnXjkwPoFHgjEJXx3WF9BAwkA6nfCUA7i9sODzKA=="
  "resolved" "https://registry.npmjs.org/@octokit/openapi-types/-/openapi-types-11.2.0.tgz"
  "version" "11.2.0"

"@octokit/request-error@^2.0.5", "@octokit/request-error@^2.1.0":
  "integrity" "sha512-1VIvgXxs9WHSjicsRwq8PlR2LR2x6DwsJAaFgzdi0JfJoGSO8mYI/cHJQ+9FbN21aa+DrgNLnwObmyeSC8Rmpg=="
  "resolved" "https://registry.npmjs.org/@octokit/request-error/-/request-error-2.1.0.tgz"
  "version" "2.1.0"
  dependencies:
    "@octokit/types" "^6.0.3"
    "deprecation" "^2.0.0"
    "once" "^1.4.0"

"@octokit/request@^5.6.0", "@octokit/request@^5.6.3":
  "integrity" "sha512-bFJl0I1KVc9jYTe9tdGGpAMPy32dLBXXo1dS/YwSCTL/2nd9XeHsY616RE3HPXDVk+a+dBuzyz5YdlXwcDTr2A=="
  "resolved" "https://registry.npmjs.org/@octokit/request/-/request-5.6.3.tgz"
  "version" "5.6.3"
  dependencies:
    "@octokit/endpoint" "^6.0.1"
    "@octokit/request-error" "^2.1.0"
    "@octokit/types" "^6.16.1"
    "is-plain-object" "^5.0.0"
    "node-fetch" "^2.6.7"
    "universal-user-agent" "^6.0.0"

"@octokit/types@^6.0.3", "@octokit/types@^6.16.1":
  "integrity" "sha512-s1zLBjWhdEI2zwaoSgyOFoKSl109CUcVBCc7biPJ3aAf6LGLU6szDvi31JPU7bxfla2lqfhjbbg/5DdFNxOwHw=="
  "resolved" "https://registry.npmjs.org/@octokit/types/-/types-6.34.0.tgz"
  "version" "6.34.0"
  dependencies:
    "@octokit/openapi-types" "^11.2.0"

"@sapphire/async-queue@^1.1.9":
  "integrity" "sha512-FFTlPOWZX1kDj9xCAsRzH5xEJfawg1lNoYAA+ecOWJMHOfiZYb1uXOI3ne9U4UILSEPwfE68p3T9wUHwIQfR0g=="
  "resolved" "https://registry.npmjs.org/@sapphire/async-queue/-/async-queue-1.3.1.tgz"
  "version" "1.3.1"

"@sapphire/discord-utilities@^2.10.3", "@sapphire/discord-utilities@^2.7.0", "@sapphire/discord-utilities@^2.8.0":
  "integrity" "sha512-75IqUu/CqyL1wxhkYyeDRWrtqHY2D+ZOJ/KDu8S96KYzHVQNKCbOAXvBzLs3yn/sgy0dmBtKuvt3/xxo8FLV+g=="
  "resolved" "https://registry.npmjs.org/@sapphire/discord-utilities/-/discord-utilities-2.10.3.tgz"
  "version" "2.10.3"
  dependencies:
    "twemoji-parser" "^14.0.0"

"@sapphire/discord.js-utilities@^4.6.0", "@sapphire/discord.js-utilities@^4.9.0":
  "integrity" "sha512-xOXnagNkmoxu226MAKdFXvEZud0sAc/1U4Rk70Va/cY4NMWM2Zo4G7YDzrTJT9uSIK1WB7oU75wiXm+9IRCwMQ=="
  "resolved" "https://registry.npmjs.org/@sapphire/discord.js-utilities/-/discord.js-utilities-4.9.4.tgz"
  "version" "4.9.4"
  dependencies:
    "@sapphire/discord-utilities" "^2.10.3"
    "@sapphire/time-utilities" "^1.7.4"
    "@sapphire/utilities" "^3.6.2"
    "tslib" "^2.3.1"

"@sapphire/framework@^3.0.0-next.7ef7ac9.0":
  "integrity" "sha512-8L7m5hO1h/cgawNXzZFmNqcaye0WrgDw+vz/WcVcf/G+BSl3wN/YkGnaSDsKLvp62i9vHzZwEFNW9VFQwPDS6A=="
  "resolved" "https://registry.npmjs.org/@sapphire/framework/-/framework-3.0.0-next.fd7be0b.0.tgz"
  "version" "3.0.0-next.fd7be0b.0"
  dependencies:
    "@sapphire/discord-utilities" "^2.7.0"
    "@sapphire/discord.js-utilities" "^4.6.0"
    "@sapphire/pieces" "^3.2.0"
    "@sapphire/ratelimits" "^2.3.0"
    "@sapphire/stopwatch" "^1.3.0"
    "@sapphire/utilities" "^3.3.0"
    "lexure" "^0.17.0"
    "tslib" "^2.3.1"

"@sapphire/pieces@^3.2.0", "@sapphire/pieces@^3.3.0":
  "integrity" "sha512-A6vkacPHuZDMkahxPE8bwpIzNNlDx4+w3nY4i8y2sIKwLXgPqodO7vdfoIXpl3psMS9ZQ5iLMED8pnQt7Nbxnw=="
  "resolved" "https://registry.npmjs.org/@sapphire/pieces/-/pieces-3.3.1.tgz"
  "version" "3.3.1"
  dependencies:
    "@discordjs/collection" "^0.5.0"
    "@sapphire/utilities" "^3.6.2"
    "tslib" "^2.3.1"

"@sapphire/plugin-logger@^2.2.0":
  "integrity" "sha512-jaj7RPZ4cm5a4BbapdG20FBDlwRuNHwr/9R97xdML5h1yb4m65WPVZdWHrrjAD79sFwAtFMUfAhHtZMinziWgQ=="
  "resolved" "https://registry.npmjs.org/@sapphire/plugin-logger/-/plugin-logger-2.2.1.tgz"
  "version" "2.2.1"
  dependencies:
    "@sapphire/time-utilities" "^1.7.3"
    "colorette" "^2.0.16"
    "tslib" "^2.3.1"

"@sapphire/plugin-subcommands@^2.2.0":
  "integrity" "sha512-+qNrgtASNlQRMC2sbIvvbK7hblcfvWW9zqFwdlkekJVfSpssD9XTOR7bvN9hNCdYAF2ykrVn+BaMTd38k58geA=="
  "resolved" "https://registry.npmjs.org/@sapphire/plugin-subcommands/-/plugin-subcommands-2.2.0.tgz"
  "version" "2.2.0"
  dependencies:
    "tslib" "^2.3.1"

"@sapphire/ratelimits@^2.3.0":
  "integrity" "sha512-9gZ1BaY99HLWOcfuhlu0WklirHhVc6QD1pm5/v2W0O9pBpMHrd1GImVMXjYZRoy1qpmE2ZggSmN1665lktTCMw=="
  "resolved" "https://registry.npmjs.org/@sapphire/ratelimits/-/ratelimits-2.4.4.tgz"
  "version" "2.4.4"
  dependencies:
    "@sapphire/time-utilities" "^1.7.4"

"@sapphire/shapeshift@^2.0.0":
  "integrity" "sha512-SKq4mKZXW2xB6O2Im4lBCDYy8pnuAMC3Zziw5Ub7WvZMt0fgwebDnqh+9MhoMYUSjkLyQcEO8ZS9d3ES7aRhBw=="
  "resolved" "https://registry.npmjs.org/@sapphire/shapeshift/-/shapeshift-2.0.0.tgz"
  "version" "2.0.0"

"@sapphire/stopwatch@^1.3.0":
  "integrity" "sha512-FoZIM7oQ1kwkjWpl/rKReuDFSlkCDjDp//1Np2mmQD+xQ2Zyo/J2MaYAITprwQr3AUBu/OOUJvqm7f8lA9R7gA=="
  "resolved" "https://registry.npmjs.org/@sapphire/stopwatch/-/stopwatch-1.4.1.tgz"
  "version" "1.4.1"
  dependencies:
    "tslib" "^2.3.1"

"@sapphire/time-utilities@^1.6.0", "@sapphire/time-utilities@^1.7.3", "@sapphire/time-utilities@^1.7.4":
  "integrity" "sha512-/MKy56iGYuOfZfXGxZ2RG0otk9j3P0VRC6ACSnizalEXbe0YFXX7JcxPPBF1yp2j1p5Y7eUW+FTExfvEgnWnzg=="
  "resolved" "https://registry.npmjs.org/@sapphire/time-utilities/-/time-utilities-1.7.4.tgz"
  "version" "1.7.4"
  dependencies:
    "@sapphire/utilities" "^3.6.2"

"@sapphire/utilities@^3.3.0", "@sapphire/utilities@^3.6.2":
  "integrity" "sha512-Rmwq5QxWxuAYCrtIXo2a9UW1Fa5Pmmfc20QSRRp+rz/CXzel1R3171DjvT7iZTAfuxwUFp2FYG6IaywoSIyjFA=="
  "resolved" "https://registry.npmjs.org/@sapphire/utilities/-/utilities-3.6.2.tgz"
  "version" "3.6.2"

"@sentry/core@6.19.6":
  "integrity" "sha512-biEotGRr44/vBCOegkTfC9rwqaqRKIpFljKGyYU6/NtzMRooktqOhjmjmItNCMRknArdeaQwA8lk2jcZDXX3Og=="
  "resolved" "https://registry.npmjs.org/@sentry/core/-/core-6.19.6.tgz"
  "version" "6.19.6"
  dependencies:
    "@sentry/hub" "6.19.6"
    "@sentry/minimal" "6.19.6"
    "@sentry/types" "6.19.6"
    "@sentry/utils" "6.19.6"
    "tslib" "^1.9.3"

"@sentry/hub@6.19.6":
  "integrity" "sha512-PuEOBZxvx3bjxcXmWWZfWXG+orojQiWzv9LQXjIgroVMKM/GG4QtZbnWl1hOckUj7WtKNl4hEGO2g/6PyCV/vA=="
  "resolved" "https://registry.npmjs.org/@sentry/hub/-/hub-6.19.6.tgz"
  "version" "6.19.6"
  dependencies:
    "@sentry/types" "6.19.6"
    "@sentry/utils" "6.19.6"
    "tslib" "^1.9.3"

"@sentry/minimal@6.19.6":
  "integrity" "sha512-T1NKcv+HTlmd8EbzUgnGPl4ySQGHWMCyZ8a8kXVMZOPDzphN3fVIzkYzWmSftCWp0rpabXPt9aRF2mfBKU+mAQ=="
  "resolved" "https://registry.npmjs.org/@sentry/minimal/-/minimal-6.19.6.tgz"
  "version" "6.19.6"
  dependencies:
    "@sentry/hub" "6.19.6"
    "@sentry/types" "6.19.6"
    "tslib" "^1.9.3"

"@sentry/node@^6.18.2":
  "integrity" "sha512-kHQMfsy40ZxxdS9zMPmXCOOLWOJbQj6/aVSHt/L1QthYcgkAi7NJQNXnQIPWQDe8eP3DfNIWM7dc446coqjXrQ=="
  "resolved" "https://registry.npmjs.org/@sentry/node/-/node-6.19.6.tgz"
  "version" "6.19.6"
  dependencies:
    "@sentry/core" "6.19.6"
    "@sentry/hub" "6.19.6"
    "@sentry/types" "6.19.6"
    "@sentry/utils" "6.19.6"
    "cookie" "^0.4.1"
    "https-proxy-agent" "^5.0.0"
    "lru_map" "^0.3.3"
    "tslib" "^1.9.3"

"@sentry/tracing@^6.18.2":
  "integrity" "sha512-STZdlEtTBqRmPw6Vjkzi/1kGkGPgiX0zdHaSOhSeA2HXHwx7Wnfu7veMKxtKWdO+0yW9QZGYOYqp0GVf4Swujg=="
  "resolved" "https://registry.npmjs.org/@sentry/tracing/-/tracing-6.19.6.tgz"
  "version" "6.19.6"
  dependencies:
    "@sentry/hub" "6.19.6"
    "@sentry/minimal" "6.19.6"
    "@sentry/types" "6.19.6"
    "@sentry/utils" "6.19.6"
    "tslib" "^1.9.3"

"@sentry/types@6.19.6":
  "integrity" "sha512-QH34LMJidEUPZK78l+Frt3AaVFJhEmIi05Zf8WHd9/iTt+OqvCHBgq49DDr1FWFqyYWm/QgW/3bIoikFpfsXyQ=="
  "resolved" "https://registry.npmjs.org/@sentry/types/-/types-6.19.6.tgz"
  "version" "6.19.6"

"@sentry/utils@6.19.6":
  "integrity" "sha512-fAMWcsguL0632eWrROp/vhPgI7sBj/JROWVPzpabwVkm9z3m1rQm6iLFn4qfkZL8Ozy6NVZPXOQ7EXmeU24byg=="
  "resolved" "https://registry.npmjs.org/@sentry/utils/-/utils-6.19.6.tgz"
  "version" "6.19.6"
  dependencies:
    "@sentry/types" "6.19.6"
    "tslib" "^1.9.3"

"@sindresorhus/is@^4.2.0", "@sindresorhus/is@^4.6.0":
  "integrity" "sha512-t09vSN3MdfsyCHoFcTRCH/iUtG7OJ0CsjzB8cjAmKc/va/kIgeDI/TxsigdncE/4be734m0cvIYwNaV4i2XqAw=="
  "resolved" "https://registry.npmjs.org/@sindresorhus/is/-/is-4.6.0.tgz"
  "version" "4.6.0"

"@types/node-fetch@^2.5.12":
  "integrity" "sha512-oMqjURCaxoSIsHSr1E47QHzbmzNR5rK8McHuNb11BOM9cHcIK3Avy0s/b2JlXHoQGTYS3NsvWzV1M0iK7l0wbA=="
  "resolved" "https://registry.npmjs.org/@types/node-fetch/-/node-fetch-2.6.1.tgz"
  "version" "2.6.1"
  dependencies:
    "@types/node" "*"
    "form-data" "^3.0.0"

"@types/node@*":
  "integrity" "sha512-aveCYRQbgTH9Pssp1voEP7HiuWlD2jW2BO56w+bVrJn04i61yh6mRfoKO6hEYQD9vF+W8Chkwc6j1M36uPkx4g=="
  "resolved" "https://registry.npmjs.org/@types/node/-/node-17.0.24.tgz"
  "version" "17.0.24"

"@types/ws@^8.2.2":
  "integrity" "sha512-6YOoWjruKj1uLf3INHH7D3qTXwFfEsg1kf3c0uDdSBJwfa/llkwIjrAGV7j7mVgGNbzTQ3HiHKKDXl6bJPD97w=="
  "resolved" "https://registry.npmjs.org/@types/ws/-/ws-8.5.3.tgz"
  "version" "8.5.3"
  dependencies:
    "@types/node" "*"

"agent-base@6":
  "integrity" "sha512-RZNwNclF7+MS/8bDg70amg32dyeZGZxiDuQmZxKLAlQjr3jGyLx+4Kkk58UO7D2QdgFIQCovuSuZESne6RG6XQ=="
  "resolved" "https://registry.npmjs.org/agent-base/-/agent-base-6.0.2.tgz"
  "version" "6.0.2"
  dependencies:
    "debug" "4"

"asynckit@^0.4.0":
  "integrity" "sha1-x57Zf380y48robyXkLzDZkdLS3k="
  "resolved" "https://registry.npmjs.org/asynckit/-/asynckit-0.4.0.tgz"
  "version" "0.4.0"

"before-after-hook@^2.2.0":
  "integrity" "sha512-3pZEU3NT5BFUo/AD5ERPWOgQOCZITni6iavr5AUw5AUwQjMlI0kzu5btnyD39AF0gUEsDPwJT+oY1ORBJijPjQ=="
  "resolved" "https://registry.npmjs.org/before-after-hook/-/before-after-hook-2.2.2.tgz"
  "version" "2.2.2"

"cluster-key-slot@^1.1.0":
  "integrity" "sha512-2Nii8p3RwAPiFwsnZvukotvow2rIHM+yQ6ZcBXGHdniadkYGZYiGmkHJIbZPIV9nfv7m/U1IPMVVcAhoWFeklw=="
  "resolved" "https://registry.npmjs.org/cluster-key-slot/-/cluster-key-slot-1.1.0.tgz"
  "version" "1.1.0"

"colorette@^2.0.16":
  "integrity" "sha512-hUewv7oMjCp+wkBv5Rm0v87eJhq4woh5rSR+42YSQJKecCqgIqNkZ6lAlQms/BwHPJA5NKMRlpxPRv0n8HQW6g=="
  "resolved" "https://registry.npmjs.org/colorette/-/colorette-2.0.16.tgz"
  "version" "2.0.16"

"combined-stream@^1.0.8":
  "integrity" "sha512-FQN4MRfuJeHf7cBbBMJFXhKSDq+2kAArBlmRBvcvFE5BB1HZKXtSFASDhdlz9zOYwxh8lDdnvmMOe/+5cdoEdg=="
  "resolved" "https://registry.npmjs.org/combined-stream/-/combined-stream-1.0.8.tgz"
  "version" "1.0.8"
  dependencies:
    "delayed-stream" "~1.0.0"

"cookie@^0.4.1":
  "integrity" "sha512-aSWTXFzaKWkvHO1Ny/s+ePFpvKsPnjc551iI41v3ny/ow6tBG5Vd+FuqGNhh1LxOmVzOlGUriIlOaokOvhaStA=="
  "resolved" "https://registry.npmjs.org/cookie/-/cookie-0.4.2.tgz"
  "version" "0.4.2"

"debug@^4.3.4", "debug@4":
  "integrity" "sha512-PRWFHuSU3eDtQJPvnNY7Jcket1j0t5OuOsFzPPzsekD52Zl8qUfFIPEiswXqIvHWGVHOgX+7G/vCNNhehwxfkQ=="
  "resolved" "https://registry.npmjs.org/debug/-/debug-4.3.4.tgz"
  "version" "4.3.4"
  dependencies:
    "ms" "2.1.2"

"delayed-stream@~1.0.0":
  "integrity" "sha1-3zrhmayt+31ECqrgsp4icrJOxhk="
  "resolved" "https://registry.npmjs.org/delayed-stream/-/delayed-stream-1.0.0.tgz"
  "version" "1.0.0"

"denque@^2.0.1":
  "integrity" "sha512-tfiWc6BQLXNLpNiR5iGd0Ocu3P3VpxfzFiqubLgMfhfOw9WyvgJBd46CClNn9k3qfbjvT//0cf7AlYRX/OslMQ=="
  "resolved" "https://registry.npmjs.org/denque/-/denque-2.0.1.tgz"
  "version" "2.0.1"

"deprecation@^2.0.0":
  "integrity" "sha512-xmHIy4F3scKVwMsQ4WnVaS8bHOx0DmVwRywosKhaILI0ywMDWPtBSku2HNxRvF7jtwDRsoEwYQSfbxj8b7RlJQ=="
  "resolved" "https://registry.npmjs.org/deprecation/-/deprecation-2.3.1.tgz"
  "version" "2.3.1"

"discord-api-types@^0.26.0":
  "integrity" "sha512-T5PdMQ+Y1MEECYMV5wmyi9VEYPagEDEi4S0amgsszpWY0VB9JJ/hEvM6BgLhbdnKky4gfmZEXtEEtojN8ZKJQQ=="
  "resolved" "https://registry.npmjs.org/discord-api-types/-/discord-api-types-0.26.1.tgz"
  "version" "0.26.1"

"discord-api-types@^0.31.1":
  "integrity" "sha512-QBWl1/x20ZyKAiY750wuWAWokudhlOnQzXhCTEkQsCNOOM9tU/HIqkpLgZqJI1EFmZMeWHdaRKzpiD7n7iCS+w=="
  "resolved" "https://registry.npmjs.org/discord-api-types/-/discord-api-types-0.31.1.tgz"
  "version" "0.31.1"

"discord.js@^13.6.0":
  "integrity" "sha512-tXNR8zgsEPxPBvGk3AQjJ9ljIIC6/LOPjzKwpwz8Y1Q2X66Vi3ZqFgRHYwnHKC0jC0F+l4LzxlhmOJsBZDNg9g=="
  "resolved" "https://registry.npmjs.org/discord.js/-/discord.js-13.6.0.tgz"
  "version" "13.6.0"
  dependencies:
    "@discordjs/builders" "^0.11.0"
    "@discordjs/collection" "^0.4.0"
    "@sapphire/async-queue" "^1.1.9"
    "@types/node-fetch" "^2.5.12"
    "@types/ws" "^8.2.2"
    "discord-api-types" "^0.26.0"
    "form-data" "^4.0.0"
    "node-fetch" "^2.6.1"
    "ws" "^8.4.0"

"dotenv@^16.0.0":
  "integrity" "sha512-qD9WU0MPM4SWLPJy/r2Be+2WgQj8plChsyrCNQzW/0WjvcJQiKQJ9mH3ZgB3fxbUUxgc/11ZJ0Fi5KiimWGz2Q=="
  "resolved" "https://registry.npmjs.org/dotenv/-/dotenv-16.0.0.tgz"
  "version" "16.0.0"

"fast-deep-equal@^3.1.3":
  "integrity" "sha512-f3qQ9oQy9j2AhBe/H9VC91wLmKBCCU/gDOnKNAYG5hswO7BLKj09Hc5HYNz9cGI++xlpDCIgDaitVs03ATR84Q=="
  "resolved" "https://registry.npmjs.org/fast-deep-equal/-/fast-deep-equal-3.1.3.tgz"
  "version" "3.1.3"

"form-data@^3.0.0":
  "integrity" "sha512-RHkBKtLWUVwd7SqRIvCZMEvAMoGUp0XU+seQiZejj0COz3RI3hWP4sCv3gZWWLjJTd7rGwcsF5eKZGii0r/hbg=="
  "resolved" "https://registry.npmjs.org/form-data/-/form-data-3.0.1.tgz"
  "version" "3.0.1"
  dependencies:
    "asynckit" "^0.4.0"
    "combined-stream" "^1.0.8"
    "mime-types" "^2.1.12"

"form-data@^4.0.0":
  "integrity" "sha512-ETEklSGi5t0QMZuiXoA/Q6vcnxcLQP5vdugSpuAyi6SVGi2clPPp+xgEhuMaHC+zGgn31Kd235W35f7Hykkaww=="
  "resolved" "https://registry.npmjs.org/form-data/-/form-data-4.0.0.tgz"
  "version" "4.0.0"
  dependencies:
    "asynckit" "^0.4.0"
    "combined-stream" "^1.0.8"
    "mime-types" "^2.1.12"

"https-proxy-agent@^5.0.0":
  "integrity" "sha512-dFcAjpTQFgoLMzC2VwU+C/CbS7uRL0lWmxDITmqm7C+7F0Odmj6s9l6alZc6AELXhrnggM2CeWSXHGOdX2YtwA=="
  "resolved" "https://registry.npmjs.org/https-proxy-agent/-/https-proxy-agent-5.0.1.tgz"
  "version" "5.0.1"
  dependencies:
    "agent-base" "6"
    "debug" "4"

"ioredis@^5.0.4":
  "integrity" "sha512-qFJw3MnPNsJF1lcIOP3vztbsasOXK3nDdNAgjQj7t7/Bn/w10PGchTOpqylQNxjzPbLoYDu34LjeJtSWiKBntQ=="
  "resolved" "https://registry.npmjs.org/ioredis/-/ioredis-5.0.4.tgz"
  "version" "5.0.4"
  dependencies:
    "@ioredis/commands" "^1.1.1"
    "cluster-key-slot" "^1.1.0"
    "debug" "^4.3.4"
    "denque" "^2.0.1"
    "lodash.defaults" "^4.2.0"
    "lodash.isarguments" "^3.1.0"
    "redis-errors" "^1.2.0"
    "redis-parser" "^3.0.0"
    "standard-as-callback" "^2.1.0"

"is-plain-object@^5.0.0":
  "integrity" "sha512-VRSzKkbMm5jMDoKLbltAkFQ5Qr7VDiTFGXxYFXXowVj387GeGNOCsOH6Msy00SGZ3Fp84b1Naa1psqgcCIEP5Q=="
  "resolved" "https://registry.npmjs.org/is-plain-object/-/is-plain-object-5.0.0.tgz"
  "version" "5.0.0"

"lexure@^0.17.0":
  "integrity" "sha512-0L8GqFgPW36sLNqxdp2VOOef5Ajpb98kc0Zk4AzE+Yf0xYTDndcT1vpFqwkTdrCCw+FV8DH4mC9NUw0RlARThA=="
  "resolved" "https://registry.npmjs.org/lexure/-/lexure-0.17.0.tgz"
  "version" "0.17.0"

"lodash.defaults@^4.2.0":
  "integrity" "sha1-0JF4cW/+pN3p5ft7N/bwgCJ0WAw="
  "resolved" "https://registry.npmjs.org/lodash.defaults/-/lodash.defaults-4.2.0.tgz"
  "version" "4.2.0"

"lodash.isarguments@^3.1.0":
  "integrity" "sha1-L1c9hcaiQon/AGY7SRwdM4/zRYo="
  "resolved" "https://registry.npmjs.org/lodash.isarguments/-/lodash.isarguments-3.1.0.tgz"
  "version" "3.1.0"

"lru_map@^0.3.3":
  "integrity" "sha1-tcg1G5Rky9dQM1p5ZQoOwOVhGN0="
  "resolved" "https://registry.npmjs.org/lru_map/-/lru_map-0.3.3.tgz"
  "version" "0.3.3"

"mime-db@1.52.0":
  "integrity" "sha512-sPU4uV7dYlvtWJxwwxHD0PuihVNiE7TyAbQ5SWxDCB9mUYvOgroQOwYQQOKPJ8CIbE+1ETVlOoK1UC2nU3gYvg=="
  "resolved" "https://registry.npmjs.org/mime-db/-/mime-db-1.52.0.tgz"
  "version" "1.52.0"

"mime-types@^2.1.12":
  "integrity" "sha512-ZDY+bPm5zTTF+YpCrAU9nK0UgICYPT0QtT1NZWFv4s++TNkcgVaT0g6+4R2uI4MjQjzysHB1zxuWL50hzaeXiw=="
  "resolved" "https://registry.npmjs.org/mime-types/-/mime-types-2.1.35.tgz"
  "version" "2.1.35"
  dependencies:
    "mime-db" "1.52.0"

"ms@2.1.2":
  "integrity" "sha512-sGkPx+VjMtmA6MX27oA4FBFELFCZZ4S4XqeGOXCv68tT+jb3vk/RyaKWP0PTKyWtmLSM0b+adUTEvbs1PEaH2w=="
  "resolved" "https://registry.npmjs.org/ms/-/ms-2.1.2.tgz"
  "version" "2.1.2"

"node-fetch@^2.6.1", "node-fetch@^2.6.7":
  "integrity" "sha512-ZjMPFEfVx5j+y2yF35Kzx5sF7kDzxuDj6ziH4FFbOp87zKDZNx8yExJIb05OGF4Nlt9IHFIMBkRl41VdvcNdbQ=="
  "resolved" "https://registry.npmjs.org/node-fetch/-/node-fetch-2.6.7.tgz"
  "version" "2.6.7"
  dependencies:
    "whatwg-url" "^5.0.0"

"once@^1.4.0":
  "integrity" "sha1-WDsap3WWHUsROsF9nFC6753Xa9E="
  "resolved" "https://registry.npmjs.org/once/-/once-1.4.0.tgz"
  "version" "1.4.0"
  dependencies:
    "wrappy" "1"

"petitio@^1.4.0":
  "integrity" "sha512-9LaVd/5BLmbNU8Q4Ax8NezihiPt2ISNqi2vKilEchSSf+YSOXxfsLUb0SUmDskm1WkBOVTsqdyuyYI0RYKqr0Q=="
  "resolved" "https://registry.npmjs.org/petitio/-/petitio-1.4.0.tgz"
  "version" "1.4.0"

"redis-errors@^1.0.0", "redis-errors@^1.2.0":
  "integrity" "sha1-62LSrbFeTq9GEMBK/hUpOEJQq60="
  "resolved" "https://registry.npmjs.org/redis-errors/-/redis-errors-1.2.0.tgz"
  "version" "1.2.0"

"redis-parser@^3.0.0":
  "integrity" "sha1-tm2CjNyv5rS4pCin3vTGvKwxyLQ="
  "resolved" "https://registry.npmjs.org/redis-parser/-/redis-parser-3.0.0.tgz"
  "version" "3.0.0"
  dependencies:
    "redis-errors" "^1.0.0"

"standard-as-callback@^2.1.0":
  "integrity" "sha512-qoRRSyROncaz1z0mvYqIE4lCd9p2R90i6GxW3uZv5ucSu8tU7B5HXUP1gG8pVZsYNVaXjk8ClXHPttLyxAL48A=="
  "resolved" "https://registry.npmjs.org/standard-as-callback/-/standard-as-callback-2.1.0.tgz"
  "version" "2.1.0"

"tr46@~0.0.3":
  "integrity" "sha1-gYT9NH2snNwYWZLzpmIuFLnZq2o="
  "resolved" "https://registry.npmjs.org/tr46/-/tr46-0.0.3.tgz"
  "version" "0.0.3"

"ts-mixer@^6.0.0", "ts-mixer@^6.0.1":
  "integrity" "sha512-hvE+ZYXuINrx6Ei6D6hz+PTim0Uf++dYbK9FFifLNwQj+RwKquhQpn868yZsCtJYiclZF1u8l6WZxxKi+vv7Rg=="
  "resolved" "https://registry.npmjs.org/ts-mixer/-/ts-mixer-6.0.1.tgz"
  "version" "6.0.1"

"tslib@^1.9.3":
  "integrity" "sha512-Xni35NKzjgMrwevysHTCArtLDpPvye8zV/0E4EyYn43P7/7qvQwPh9BGkHewbMulVntbigmcT7rdX3BNo9wRJg=="
  "resolved" "https://registry.npmjs.org/tslib/-/tslib-1.14.1.tgz"
  "version" "1.14.1"

"tslib@^2.3.1":
  "integrity" "sha512-77EbyPPpMz+FRFRuAFlWMtmgUWGe9UOG2Z25NqCwiIjRhOf5iKGuzSe5P2w1laq+FkRy4p+PCuVkJSGkzTEKVw=="
  "resolved" "https://registry.npmjs.org/tslib/-/tslib-2.3.1.tgz"
  "version" "2.3.1"

"twemoji-parser@^14.0.0":
  "integrity" "sha512-9DUOTGLOWs0pFWnh1p6NF+C3CkQ96PWmEFwhOVmT3WbecRC+68AIqpsnJXygfkFcp4aXbOp8Dwbhh/HQgvoRxA=="
  "resolved" "https://registry.npmjs.org/twemoji-parser/-/twemoji-parser-14.0.0.tgz"
  "version" "14.0.0"

"universal-user-agent@^6.0.0":
  "integrity" "sha512-isyNax3wXoKaulPDZWHQqbmIx1k2tb9fb3GGDBRxCscfYV2Ch7WxPArBsFEG8s/safwXTT7H4QGhaIkTp9447w=="
  "resolved" "https://registry.npmjs.org/universal-user-agent/-/universal-user-agent-6.0.0.tgz"
  "version" "6.0.0"

"webidl-conversions@^3.0.0":
  "integrity" "sha1-JFNCdeKnvGvnvIZhHMFq4KVlSHE="
  "resolved" "https://registry.npmjs.org/webidl-conversions/-/webidl-conversions-3.0.1.tgz"
  "version" "3.0.1"

"whatwg-url@^5.0.0":
  "integrity" "sha1-lmRU6HZUYuN2RNNib2dCzotwll0="
  "resolved" "https://registry.npmjs.org/whatwg-url/-/whatwg-url-5.0.0.tgz"
  "version" "5.0.0"
  dependencies:
    "tr46" "~0.0.3"
    "webidl-conversions" "^3.0.0"

"wrappy@1":
  "integrity" "sha1-tSQ9jz7BqjXxNkYFvA0QNuMKtp8="
  "resolved" "https://registry.npmjs.org/wrappy/-/wrappy-1.0.2.tgz"
  "version" "1.0.2"

"ws@^8.4.0":
  "integrity" "sha512-BWX0SWVgLPzYwF8lTzEy1egjhS4S4OEAHfsO8o65WOVsrnSRGaSiUaa9e0ggGlkMTtBlmOpEXiie9RUcBO86qg=="
  "resolved" "https://registry.npmjs.org/ws/-/ws-8.5.0.tgz"
  "version" "8.5.0"

"zod@^3.11.6":
  "integrity" "sha512-U9BFLb2GO34Sfo9IUYp0w3wJLlmcyGoMd75qU9yf+DrdGA4kEx6e+l9KOkAlyUO0PSQzZCa3TR4qVlcmwqSDuw=="
  "resolved" "https://registry.npmjs.org/zod/-/zod-3.14.4.tgz"
  "version" "3.14.4"
